
Microsoft Visual Studio Solution File, Format Version 12.00
# Visual Studio Version 17
VisualStudioVersion = 17.7.34003.232
MinimumVisualStudioVersion = 10.0.40219.1
Project("{FAE04EC0-301F-11D3-BF4B-00C04F79EFBC}") = "ProcessWatcher", "ProcessWatcher\ProcessWatcher.csproj", "{DCE29B43-101F-4C63-9687-0218A8E713BD}"
EndProject
Global
	GlobalSection(SolutionConfigurationPlatforms) = preSolution
		Debug|Any CPU = Debug|Any CPU
		DefaultBuild|Any CPU = DefaultBuild|Any CPU
		Release|Any CPU = Release|Any CPU
	EndGlobalSection
	GlobalSection(ProjectConfigurationPlatforms) = postSolution
		{DCE29B43-101F-4C63-9687-0218A8E713BD}.Debug|Any CPU.ActiveCfg = Debug|Any CPU
		{DCE29B43-101F-4C63-9687-0218A8E713BD}.Debug|Any CPU.Build.0 = Debug|Any CPU
		{DCE29B43-101F-4C63-9687-0218A8E713BD}.DefaultBuild|Any CPU.ActiveCfg = Debug|Any CPU
		{DCE29B43-101F-4C63-9687-0218A8E713BD}.DefaultBuild|Any CPU.Build.0 = Debug|Any CPU
		{DCE29B43-101F-4C63-9687-0218A8E713BD}.Release|Any CPU.ActiveCfg = Release|Any CPU
		{DCE29B43-101F-4C63-9687-0218A8E713BD}.Release|Any CPU.Build.0 = Release|Any CPU
	EndGlobalSection
	GlobalSection(SolutionProperties) = preSolution
		HideSolutionNode = FALSE
	EndGlobalSection
	GlobalSection(ExtensibilityGlobals) = postSolution
		SolutionGuid = {F7F74FB2-4D4C-45B7-97B6-BF30E99AC0F5}
	EndGlobalSection
EndGlobal
